// !$*UTF8*$!
{
	archiveVersion = 1;
	classes = {
	};
	objectVersion = 55;
	objects = {

/* Begin PBXBuildFile section */
		EAA628312845A4C000E961E3 /* Tests_iOS.swift in Sources */ = {isa = PBXBuildFile; fileRef = EAA628302845A4C000E961E3 /* Tests_iOS.swift */; };
		EAA628332845A4C000E961E3 /* Tests_iOSLaunchTests.swift in Sources */ = {isa = PBXBuildFile; fileRef = EAA628322845A4C000E961E3 /* Tests_iOSLaunchTests.swift */; };
		EAA6283D2845A4C000E961E3 /* Tests_macOS.swift in Sources */ = {isa = PBXBuildFile; fileRef = EAA6283C2845A4C000E961E3 /* Tests_macOS.swift */; };
		EAA6283F2845A4C000E961E3 /* Tests_macOSLaunchTests.swift in Sources */ = {isa = PBXBuildFile; fileRef = EAA6283E2845A4C000E961E3 /* Tests_macOSLaunchTests.swift */; };
		EAA628402845A4C000E961E3 /* ejemploUserDefaultsApp.swift in Sources */ = {isa = PBXBuildFile; fileRef = EAA628182845A4B900E961E3 /* ejemploUserDefaultsApp.swift */; };
		EAA628412845A4C000E961E3 /* ejemploUserDefaultsApp.swift in Sources */ = {isa = PBXBuildFile; fileRef = EAA628182845A4B900E961E3 /* ejemploUserDefaultsApp.swift */; };
		EAA628422845A4C000E961E3 /* ContentView.swift in Sources */ = {isa = PBXBuildFile; fileRef = EAA628192845A4B900E961E3 /* ContentView.swift */; };
		EAA628432845A4C000E961E3 /* ContentView.swift in Sources */ = {isa = PBXBuildFile; fileRef = EAA628192845A4B900E961E3 /* ContentView.swift */; };
		EAA628442845A4C000E961E3 /* Assets.xcassets in Resources */ = {isa = PBXBuildFile; fileRef = EAA6281A2845A4BF00E961E3 /* Assets.xcassets */; };
		EAA628452845A4C000E961E3 /* Assets.xcassets in Resources */ = {isa = PBXBuildFile; fileRef = EAA6281A2845A4BF00E961E3 /* Assets.xcassets */; };
/* End PBXBuildFile section */

/* Begin PBXContainerItemProxy section */
		EAA6282D2845A4C000E961E3 /* PBXContainerItemProxy */ = {
			isa = PBXContainerItemProxy;
			containerPortal = EAA628132845A4B800E961E3 /* Project object */;
			proxyType = 1;
			remoteGlobalIDString = EAA6281E2845A4BF00E961E3;
			remoteInfo = "ejemploUserDefaults (iOS)";
		};
		EAA628392845A4C000E961E3 /* PBXContainerItemProxy */ = {
			isa = PBXContainerItemProxy;
			containerPortal = EAA628132845A4B800E961E3 /* Project object */;
			proxyType = 1;
			remoteGlobalIDString = EAA628242845A4C000E961E3;
			remoteInfo = "ejemploUserDefaults (macOS)";
		};
/* End PBXContainerItemProxy section */

/* Begin PBXFileReference section */
		EAA628182845A4B900E961E3 /* ejemploUserDefaultsApp.swift */ = {isa = PBXFileReference; lastKnownFileType = sourcecode.swift; path = ejemploUserDefaultsApp.swift; sourceTree = "<group>"; };
		EAA628192845A4B900E961E3 /* ContentView.swift */ = {isa = PBXFileReference; lastKnownFileType = sourcecode.swift; path = ContentView.swift; sourceTree = "<group>"; };
		EAA6281A2845A4BF00E961E3 /* Assets.xcassets */ = {isa = PBXFileReference; lastKnownFileType = folder.assetcatalog; path = Assets.xcassets; sourceTree = "<group>"; };
		EAA6281F2845A4BF00E961E3 /* ejemploUserDefaults.app */ = {isa = PBXFileReference; explicitFileType = wrapper.application; includeInIndex = 0; path = ejemploUserDefaults.app; sourceTree = BUILT_PRODUCTS_DIR; };
		EAA628252845A4C000E961E3 /* ejemploUserDefaults.app */ = {isa = PBXFileReference; explicitFileType = wrapper.application; includeInIndex = 0; path = ejemploUserDefaults.app; sourceTree = BUILT_PRODUCTS_DIR; };
		EAA628272845A4C000E961E3 /* macOS.entitlements */ = {isa = PBXFileReference; lastKnownFileType = text.plist.entitlements; path = macOS.entitlements; sourceTree = "<group>"; };
		EAA6282C2845A4C000E961E3 /* Tests iOS.xctest */ = {isa = PBXFileReference; explicitFileType = wrapper.cfbundle; includeInIndex = 0; path = "Tests iOS.xctest"; sourceTree = BUILT_PRODUCTS_DIR; };
		EAA628302845A4C000E961E3 /* Tests_iOS.swift */ = {isa = PBXFileReference; lastKnownFileType = sourcecode.swift; path = Tests_iOS.swift; sourceTree = "<group>"; };
		EAA628322845A4C000E961E3 /* Tests_iOSLaunchTests.swift */ = {isa = PBXFileReference; lastKnownFileType = sourcecode.swift; path = Tests_iOSLaunchTests.swift; sourceTree = "<group>"; };
		EAA628382845A4C000E961E3 /* Tests macOS.xctest */ = {isa = PBXFileReference; explicitFileType = wrapper.cfbundle; includeInIndex = 0; path = "Tests macOS.xctest"; sourceTree = BUILT_PRODUCTS_DIR; };
		EAA6283C2845A4C000E961E3 /* Tests_macOS.swift */ = {isa = PBXFileReference; lastKnownFileType = sourcecode.swift; path = Tests_macOS.swift; sourceTree = "<group>"; };
		EAA6283E2845A4C000E961E3 /* Tests_macOSLaunchTests.swift */ = {isa = PBXFileReference; lastKnownFileType = sourcecode.swift; path = Tests_macOSLaunchTests.swift; sourceTree = "<group>"; };
/* End PBXFileReference section */

/* Begin PBXFrameworksBuildPhase section */
		EAA6281C2845A4BF00E961E3 /* Frameworks */ = {
			isa = PBXFrameworksBuildPhase;
			buildActionMask = 2147483647;
			files = (
			);
			runOnlyForDeploymentPostprocessing = 0;
		};
		EAA628222845A4C000E961E3 /* Frameworks */ = {
			isa = PBXFrameworksBuildPhase;
			buildActionMask = 2147483647;
			files = (
			);
			runOnlyForDeploymentPostprocessing = 0;
		};
		EAA628292845A4C000E961E3 /* Frameworks */ = {
			isa = PBXFrameworksBuildPhase;
			buildActionMask = 2147483647;
			files = (
			);
			runOnlyForDeploymentPostprocessing = 0;
		};
		EAA628352845A4C000E961E3 /* Frameworks */ = {
			isa = PBXFrameworksBuildPhase;
			buildActionMask = 2147483647;
			files = (
			);
			runOnlyForDeploymentPostprocessing = 0;
		};
/* End PBXFrameworksBuildPhase section */

/* Begin PBXGroup section */
		EAA628122845A4B800E961E3 = {
			isa = PBXGroup;
			children = (
				EAA628172845A4B900E961E3 /* Shared */,
				EAA628262845A4C000E961E3 /* macOS */,
				EAA6282F2845A4C000E961E3 /* Tests iOS */,
				EAA6283B2845A4C000E961E3 /* Tests macOS */,
				EAA628202845A4BF00E961E3 /* Products */,
			);
			sourceTree = "<group>";
		};
		EAA628172845A4B900E961E3 /* Shared */ = {
			isa = PBXGroup;
			children = (
				EAA628182845A4B900E961E3 /* ejemploUserDefaultsApp.swift */,
				EAA628192845A4B900E961E3 /* ContentView.swift */,
				EAA6281A2845A4BF00E961E3 /* Assets.xcassets */,
			);
			path = Shared;
			sourceTree = "<group>";
		};
		EAA628202845A4BF00E961E3 /* Products */ = {
			isa = PBXGroup;
			children = (
				EAA6281F2845A4BF00E961E3 /* ejemploUserDefaults.app */,
				EAA628252845A4C000E961E3 /* ejemploUserDefaults.app */,
				EAA6282C2845A4C000E961E3 /* Tests iOS.xctest */,
				EAA628382845A4C000E961E3 /* Tests macOS.xctest */,
			);
			name = Products;
			sourceTree = "<group>";
		};
		EAA628262845A4C000E961E3 /* macOS */ = {
			isa = PBXGroup;
			children = (
				EAA628272845A4C000E961E3 /* macOS.entitlements */,
			);
			path = macOS;
			sourceTree = "<group>";
		};
		EAA6282F2845A4C000E961E3 /* Tests iOS */ = {
			isa = PBXGroup;
			children = (
				EAA628302845A4C000E961E3 /* Tests_iOS.swift */,
				EAA628322845A4C000E961E3 /* Tests_iOSLaunchTests.swift */,
			);
			path = "Tests iOS";
			sourceTree = "<group>";
		};
		EAA6283B2845A4C000E961E3 /* Tests macOS */ = {
			isa = PBXGroup;
			children = (
				EAA6283C2845A4C000E961E3 /* Tests_macOS.swift */,
				EAA6283E2845A4C000E961E3 /* Tests_macOSLaunchTests.swift */,
			);
			path = "Tests macOS";
			sourceTree = "<group>";
		};
/* End PBXGroup section */

/* Begin PBXNativeTarget section */
		EAA6281E2845A4BF00E961E3 /* ejemploUserDefaults (iOS) */ = {
			isa = PBXNativeTarget;
			buildConfigurationList = EAA628482845A4C000E961E3 /* Build configuration list for PBXNativeTarget "ejemploUserDefaults (iOS)" */;
			buildPhases = (
				EAA6281B2845A4BF00E961E3 /* Sources */,
				EAA6281C2845A4BF00E961E3 /* Frameworks */,
				EAA6281D2845A4BF00E961E3 /* Resources */,
			);
			buildRules = (
			);
			dependencies = (
			);
			name = "ejemploUserDefaults (iOS)";
			productName = "ejemploUserDefaults (iOS)";
			productReference = EAA6281F2845A4BF00E961E3 /* ejemploUserDefaults.app */;
			productType = "com.apple.product-type.application";
		};
		EAA628242845A4C000E961E3 /* ejemploUserDefaults (macOS) */ = {
			isa = PBXNativeTarget;
			buildConfigurationList = EAA6284B2845A4C000E961E3 /* Build configuration list for PBXNativeTarget "ejemploUserDefaults (macOS)" */;
			buildPhases = (
				EAA628212845A4C000E961E3 /* Sources */,
				EAA628222845A4C000E961E3 /* Frameworks */,
				EAA628232845A4C000E961E3 /* Resources */,
			);
			buildRules = (
			);
			dependencies = (
			);
			name = "ejemploUserDefaults (macOS)";
			productName = "ejemploUserDefaults (macOS)";
			productReference = EAA628252845A4C000E961E3 /* ejemploUserDefaults.app */;
			productType = "com.apple.product-type.application";
		};
		EAA6282B2845A4C000E961E3 /* Tests iOS */ = {
			isa = PBXNativeTarget;
			buildConfigurationList = EAA6284E2845A4C000E961E3 /* Build configuration list for PBXNativeTarget "Tests iOS" */;
			buildPhases = (
				EAA628282845A4C000E961E3 /* Sources */,
				EAA628292845A4C000E961E3 /* Frameworks */,
				EAA6282A2845A4C000E961E3 /* Resources */,
			);
			buildRules = (
			);
			dependencies = (
				EAA6282E2845A4C000E961E3 /* PBXTargetDependency */,
			);
			name = "Tests iOS";
			productName = "Tests iOS";
			productReference = EAA6282C2845A4C000E961E3 /* Tests iOS.xctest */;
			productType = "com.apple.product-type.bundle.ui-testing";
		};
		EAA628372845A4C000E961E3 /* Tests macOS */ = {
			isa = PBXNativeTarget;
			buildConfigurationList = EAA628512845A4C000E961E3 /* Build configuration list for PBXNativeTarget "Tests macOS" */;
			buildPhases = (
				EAA628342845A4C000E961E3 /* Sources */,
				EAA628352845A4C000E961E3 /* Frameworks */,
				EAA628362845A4C000E961E3 /* Resources */,
			);
			buildRules = (
			);
			dependencies = (
				EAA6283A2845A4C000E961E3 /* PBXTargetDependency */,
			);
			name = "Tests macOS";
			productName = "Tests macOS";
			productReference = EAA628382845A4C000E961E3 /* Tests macOS.xctest */;
			productType = "com.apple.product-type.bundle.ui-testing";
		};
/* End PBXNativeTarget section */

/* Begin PBXProject section */
		EAA628132845A4B800E961E3 /* Project object */ = {
			isa = PBXProject;
			attributes = {
				BuildIndependentTargetsInParallel = 1;
				LastSwiftUpdateCheck = 1330;
				LastUpgradeCheck = 1330;
				TargetAttributes = {
					EAA6281E2845A4BF00E961E3 = {
						CreatedOnToolsVersion = 13.3.1;
					};
					EAA628242845A4C000E961E3 = {
						CreatedOnToolsVersion = 13.3.1;
					};
					EAA6282B2845A4C000E961E3 = {
						CreatedOnToolsVersion = 13.3.1;
						TestTargetID = EAA6281E2845A4BF00E961E3;
					};
					EAA628372845A4C000E961E3 = {
						CreatedOnToolsVersion = 13.3.1;
						TestTargetID = EAA628242845A4C000E961E3;
					};
				};
			};
			buildConfigurationList = EAA628162845A4B800E961E3 /* Build configuration list for PBXProject "ejemploUserDefaults" */;
			compatibilityVersion = "Xcode 13.0";
			developmentRegion = en;
			hasScannedForEncodings = 0;
			knownRegions = (
				en,
				Base,
			);
			mainGroup = EAA628122845A4B800E961E3;
			productRefGroup = EAA628202845A4BF00E961E3 /* Products */;
			projectDirPath = "";
			projectRoot = "";
			targets = (
				EAA6281E2845A4BF00E961E3 /* ejemploUserDefaults (iOS) */,
				EAA628242845A4C000E961E3 /* ejemploUserDefaults (macOS) */,
				EAA6282B2845A4C000E961E3 /* Tests iOS */,
				EAA628372845A4C000E961E3 /* Tests macOS */,
			);
		};
/* End PBXProject section */

/* Begin PBXResourcesBuildPhase section */
		EAA6281D2845A4BF00E961E3 /* Resources */ = {
			isa = PBXResourcesBuildPhase;
			buildActionMask = 2147483647;
			files = (
				EAA628442845A4C000E961E3 /* Assets.xcassets in Resources */,
			);
			runOnlyForDeploymentPostprocessing = 0;
		};
		EAA628232845A4C000E961E3 /* Resources */ = {
			isa = PBXResourcesBuildPhase;
			buildActionMask = 2147483647;
			files = (
				EAA628452845A4C000E961E3 /* Assets.xcassets in Resources */,
			);
			runOnlyForDeploymentPostprocessing = 0;
		};
		EAA6282A2845A4C000E961E3 /* Resources */ = {
			isa = PBXResourcesBuildPhase;
			buildActionMask = 2147483647;
			files = (
			);
			runOnlyForDeploymentPostprocessing = 0;
		};
		EAA628362845A4C000E961E3 /* Resources */ = {
			isa = PBXResourcesBuildPhase;
			buildActionMask = 2147483647;
			files = (
			);
			runOnlyForDeploymentPostprocessing = 0;
		};
/* End PBXResourcesBuildPhase section */

/* Begin PBXSourcesBuildPhase section */
		EAA6281B2845A4BF00E961E3 /* Sources */ = {
			isa = PBXSourcesBuildPhase;
			buildActionMask = 2147483647;
			files = (
				EAA628422845A4C000E961E3 /* ContentView.swift in Sources */,
				EAA628402845A4C000E961E3 /* ejemploUserDefaultsApp.swift in Sources */,
			);
			runOnlyForDeploymentPostprocessing = 0;
		};
		EAA628212845A4C000E961E3 /* Sources */ = {
			isa = PBXSourcesBuildPhase;
			buildActionMask = 2147483647;
			files = (
				EAA628432845A4C000E961E3 /* ContentView.swift in Sources */,
				EAA628412845A4C000E961E3 /* ejemploUserDefaultsApp.swift in Sources */,
			);
			runOnlyForDeploymentPostprocessing = 0;
		};
		EAA628282845A4C000E961E3 /* Sources */ = {
			isa = PBXSourcesBuildPhase;
			buildActionMask = 2147483647;
			files = (
				EAA628332845A4C000E961E3 /* Tests_iOSLaunchTests.swift in Sources */,
				EAA628312845A4C000E961E3 /* Tests_iOS.swift in Sources */,
			);
			runOnlyForDeploymentPostprocessing = 0;
		};
		EAA628342845A4C000E961E3 /* Sources */ = {
			isa = PBXSourcesBuildPhase;
			buildActionMask = 2147483647;
			files = (
				EAA6283F2845A4C000E961E3 /* Tests_macOSLaunchTests.swift in Sources */,
				EAA6283D2845A4C000E961E3 /* Tests_macOS.swift in Sources */,
			);
			runOnlyForDeploymentPostprocessing = 0;
		};
/* End PBXSourcesBuildPhase section */

/* Begin PBXTargetDependency section */
		EAA6282E2845A4C000E961E3 /* PBXTargetDependency */ = {
			isa = PBXTargetDependency;
			target = EAA6281E2845A4BF00E961E3 /* ejemploUserDefaults (iOS) */;
			targetProxy = EAA6282D2845A4C000E961E3 /* PBXContainerItemProxy */;
		};
		EAA6283A2845A4C000E961E3 /* PBXTargetDependency */ = {
			isa = PBXTargetDependency;
			target = EAA628242845A4C000E961E3 /* ejemploUserDefaults (macOS) */;
			targetProxy = EAA628392845A4C000E961E3 /* PBXContainerItemProxy */;
		};
/* End PBXTargetDependency section */

/* Begin XCBuildConfiguration section */
		EAA628462845A4C000E961E3 /* Debug */ = {
			isa = XCBuildConfiguration;
			buildSettings = {
				ALWAYS_SEARCH_USER_PATHS = NO;
				CLANG_ANALYZER_NONNULL = YES;
				CLANG_ANALYZER_NUMBER_OBJECT_CONVERSION = YES_AGGRESSIVE;
				CLANG_CXX_LANGUAGE_STANDARD = "gnu++17";
				CLANG_ENABLE_MODULES = YES;
				CLANG_ENABLE_OBJC_ARC = YES;
				CLANG_ENABLE_OBJC_WEAK = YES;
				CLANG_WARN_BLOCK_CAPTURE_AUTORELEASING = YES;
				CLANG_WARN_BOOL_CONVERSION = YES;
				CLANG_WARN_COMMA = YES;
				CLANG_WARN_CONSTANT_CONVERSION = YES;
				CLANG_WARN_DEPRECATED_OBJC_IMPLEMENTATIONS = YES;
				CLANG_WARN_DIRECT_OBJC_ISA_USAGE = YES_ERROR;
				CLANG_WARN_DOCUMENTATION_COMMENTS = YES;
				CLANG_WARN_EMPTY_BODY = YES;
				CLANG_WARN_ENUM_CONVERSION = YES;
				CLANG_WARN_INFINITE_RECURSION = YES;
				CLANG_WARN_INT_CONVERSION = YES;
				CLANG_WARN_NON_LITERAL_NULL_CONVERSION = YES;
				CLANG_WARN_OBJC_IMPLICIT_RETAIN_SELF = YES;
				CLANG_WARN_OBJC_LITERAL_CONVERSION = YES;
				CLANG_WARN_OBJC_ROOT_CLASS = YES_ERROR;
				CLANG_WARN_QUOTED_INCLUDE_IN_FRAMEWORK_HEADER = YES;
				CLANG_WARN_RANGE_LOOP_ANALYSIS = YES;
				CLANG_WARN_STRICT_PROTOTYPES = YES;
				CLANG_WARN_SUSPICIOUS_MOVE = YES;
				CLANG_WARN_UNGUARDED_AVAILABILITY = YES_AGGRESSIVE;
				CLANG_WARN_UNREACHABLE_CODE = YES;
				CLANG_WARN__DUPLICATE_METHOD_MATCH = YES;
				COPY_PHASE_STRIP = NO;
				DEBUG_INFORMATION_FORMAT = dwarf;
				ENABLE_STRICT_OBJC_MSGSEND = YES;
				ENABLE_TESTABILITY = YES;
				GCC_C_LANGUAGE_STANDARD = gnu11;
				GCC_DYNAMIC_NO_PIC = NO;
				GCC_NO_COMMON_BLOCKS = YES;
				GCC_OPTIMIZATION_LEVEL = 0;
				GCC_PREPROCESSOR_DEFINITIONS = (
					"DEBUG=1",
					"$(inherited)",
				);
				GCC_WARN_64_TO_32_BIT_CONVERSION = YES;
				GCC_WARN_ABOUT_RETURN_TYPE = YES_ERROR;
				GCC_WARN_UNDECLARED_SELECTOR = YES;
				GCC_WARN_UNINITIALIZED_AUTOS = YES_AGGRESSIVE;
				GCC_WARN_UNUSED_FUNCTION = YES;
				GCC_WARN_UNUSED_VARIABLE = YES;
				MTL_ENABLE_DEBUG_INFO = INCLUDE_SOURCE;
				MTL_FAST_MATH = YES;
				ONLY_ACTIVE_ARCH = YES;
				SWIFT_ACTIVE_COMPILATION_CONDITIONS = DEBUG;
				SWIFT_OPTIMIZATION_LEVEL = "-Onone";
			};
			name = Debug;
		};
		EAA628472845A4C000E961E3 /* Release */ = {
			isa = XCBuildConfiguration;
			buildSettings = {
				ALWAYS_SEARCH_USER_PATHS = NO;
				CLANG_ANALYZER_NONNULL = YES;
				CLANG_ANALYZER_NUMBER_OBJECT_CONVERSION = YES_AGGRESSIVE;
				CLANG_CXX_LANGUAGE_STANDARD = "gnu++17";
				CLANG_ENABLE_MODULES = YES;
				CLANG_ENABLE_OBJC_ARC = YES;
				CLANG_ENABLE_OBJC_WEAK = YES;
				CLANG_WARN_BLOCK_CAPTURE_AUTORELEASING = YES;
				CLANG_WARN_BOOL_CONVERSION = YES;
				CLANG_WARN_COMMA = YES;
				CLANG_WARN_CONSTANT_CONVERSION = YES;
				CLANG_WARN_DEPRECATED_OBJC_IMPLEMENTATIONS = YES;
				CLANG_WARN_DIRECT_OBJC_ISA_USAGE = YES_ERROR;
				CLANG_WARN_DOCUMENTATION_COMMENTS = YES;
				CLANG_WARN_EMPTY_BODY = YES;
				CLANG_WARN_ENUM_CONVERSION = YES;
				CLANG_WARN_INFINITE_RECURSION = YES;
				CLANG_WARN_INT_CONVERSION = YES;
				CLANG_WARN_NON_LITERAL_NULL_CONVERSION = YES;
				CLANG_WARN_OBJC_IMPLICIT_RETAIN_SELF = YES;
				CLANG_WARN_OBJC_LITERAL_CONVERSION = YES;
				CLANG_WARN_OBJC_ROOT_CLASS = YES_ERROR;
				CLANG_WARN_QUOTED_INCLUDE_IN_FRAMEWORK_HEADER = YES;
				CLANG_WARN_RANGE_LOOP_ANALYSIS = YES;
				CLANG_WARN_STRICT_PROTOTYPES = YES;
				CLANG_WARN_SUSPICIOUS_MOVE = YES;
				CLANG_WARN_UNGUARDED_AVAILABILITY = YES_AGGRESSIVE;
				CLANG_WARN_UNREACHABLE_CODE = YES;
				CLANG_WARN__DUPLICATE_METHOD_MATCH = YES;
				COPY_PHASE_STRIP = NO;
				DEBUG_INFORMATION_FORMAT = "dwarf-with-dsym";
				ENABLE_NS_ASSERTIONS = NO;
				ENABLE_STRICT_OBJC_MSGSEND = YES;
				GCC_C_LANGUAGE_STANDARD = gnu11;
				GCC_NO_COMMON_BLOCKS = YES;
				GCC_WARN_64_TO_32_BIT_CONVERSION = YES;
				GCC_WARN_ABOUT_RETURN_TYPE = YES_ERROR;
				GCC_WARN_UNDECLARED_SELECTOR = YES;
				GCC_WARN_UNINITIALIZED_AUTOS = YES_AGGRESSIVE;
				GCC_WARN_UNUSED_FUNCTION = YES;
				GCC_WARN_UNUSED_VARIABLE = YES;
				MTL_ENABLE_DEBUG_INFO = NO;
				MTL_FAST_MATH = YES;
				SWIFT_COMPILATION_MODE = wholemodule;
				SWIFT_OPTIMIZATION_LEVEL = "-O";
			};
			name = Release;
		};
		EAA628492845A4C000E961E3 /* Debug */ = {
			isa = XCBuildConfiguration;
			buildSettings = {
				ASSETCATALOG_COMPILER_APPICON_NAME = AppIcon;
				ASSETCATALOG_COMPILER_GLOBAL_ACCENT_COLOR_NAME = AccentColor;
				CODE_SIGN_STYLE = Automatic;
				CURRENT_PROJECT_VERSION = 1;
				DEVELOPMENT_TEAM = 4PL6HSR297;
				ENABLE_PREVIEWS = YES;
				GENERATE_INFOPLIST_FILE = YES;
				INFOPLIST_KEY_UIApplicationSceneManifest_Generation = YES;
				INFOPLIST_KEY_UIApplicationSupportsIndirectInputEvents = YES;
				INFOPLIST_KEY_UILaunchScreen_Generation = YES;
				INFOPLIST_KEY_UISupportedInterfaceOrientations_iPad = "UIInterfaceOrientationPortrait UIInterfaceOrientationPortraitUpsideDown UIInterfaceOrientationLandscapeLeft UIInterfaceOrientationLandscapeRight";
				INFOPLIST_KEY_UISupportedInterfaceOrientations_iPhone = "UIInterfaceOrientationPortrait UIInterfaceOrientationLandscapeLeft UIInterfaceOrientationLandscapeRight";
				IPHONEOS_DEPLOYMENT_TARGET = 15.4;
				LD_RUNPATH_SEARCH_PATHS = (
					"$(inherited)",
					"@executable_path/Frameworks",
				);
				MARKETING_VERSION = 1.0;
				PRODUCT_BUNDLE_IDENTIFIER = cisneNegro.ejemploUserDefaults;
				PRODUCT_NAME = ejemploUserDefaults;
				SDKROOT = iphoneos;
				SWIFT_EMIT_LOC_STRINGS = YES;
				SWIFT_VERSION = 5.0;
				TARGETED_DEVICE_FAMILY = "1,2";
			};
			name = Debug;
		};
		EAA6284A2845A4C000E961E3 /* Release */ = {
			isa = XCBuildConfiguration;
			buildSettings = {
				ASSETCATALOG_COMPILER_APPICON_NAME = AppIcon;
				ASSETCATALOG_COMPILER_GLOBAL_ACCENT_COLOR_NAME = AccentColor;
				CODE_SIGN_STYLE = Automatic;
				CURRENT_PROJECT_VERSION = 1;
				DEVELOPMENT_TEAM = 4PL6HSR297;
				ENABLE_PREVIEWS = YES;
				GENERATE_INFOPLIST_FILE = YES;
				INFOPLIST_KEY_UIApplicationSceneManifest_Generation = YES;
				INFOPLIST_KEY_UIApplicationSupportsIndirectInputEvents = YES;
				INFOPLIST_KEY_UILaunchScreen_Generation = YES;
				INFOPLIST_KEY_UISupportedInterfaceOrientations_iPad = "UIInterfaceOrientationPortrait UIInterfaceOrientationPortraitUpsideDown UIInterfaceOrientationLandscapeLeft UIInterfaceOrientationLandscapeRight";
				INFOPLIST_KEY_UISupportedInterfaceOrientations_iPhone = "UIInterfaceOrientationPortrait UIInterfaceOrientationLandscapeLeft UIInterfaceOrientationLandscapeRight";
				IPHONEOS_DEPLOYMENT_TARGET = 15.4;
				LD_RUNPATH_SEARCH_PATHS = (
					"$(inherited)",
					"@executable_path/Frameworks",
				);
				MARKETING_VERSION = 1.0;
				PRODUCT_BUNDLE_IDENTIFIER = cisneNegro.ejemploUserDefaults;
				PRODUCT_NAME = ejemploUserDefaults;
				SDKROOT = iphoneos;
				SWIFT_EMIT_LOC_STRINGS = YES;
				SWIFT_VERSION = 5.0;
				TARGETED_DEVICE_FAMILY = "1,2";
				VALIDATE_PRODUCT = YES;
			};
			name = Release;
		};
		EAA6284C2845A4C000E961E3 /* Debug */ = {
			isa = XCBuildConfiguration;
			buildSettings = {
				ASSETCATALOG_COMPILER_APPICON_NAME = AppIcon;
				ASSETCATALOG_COMPILER_GLOBAL_ACCENT_COLOR_NAME = AccentColor;
				CODE_SIGN_ENTITLEMENTS = macOS/macOS.entitlements;
				CODE_SIGN_STYLE = Automatic;
				COMBINE_HIDPI_IMAGES = YES;
				CURRENT_PROJECT_VERSION = 1;
				DEVELOPMENT_TEAM = 4PL6HSR297;
				ENABLE_HARDENED_RUNTIME = YES;
				ENABLE_PREVIEWS = YES;
				GENERATE_INFOPLIST_FILE = YES;
				INFOPLIST_KEY_NSHumanReadableCopyright = "";
				LD_RUNPATH_SEARCH_PATHS = (
					"$(inherited)",
					"@executable_path/../Frameworks",
				);
				MACOSX_DEPLOYMENT_TARGET = 12.3;
				MARKETING_VERSION = 1.0;
				PRODUCT_BUNDLE_IDENTIFIER = cisneNegro.ejemploUserDefaults;
				PRODUCT_NAME = ejemploUserDefaults;
				SDKROOT = macosx;
				SWIFT_EMIT_LOC_STRINGS = YES;
				SWIFT_VERSION = 5.0;
			};
			name = Debug;
		};
		EAA6284D2845A4C000E961E3 /* Release */ = {
			isa = XCBuildConfiguration;
			buildSettings = {
				ASSETCATALOG_COMPILER_APPICON_NAME = AppIcon;
				ASSETCATALOG_COMPILER_GLOBAL_ACCENT_COLOR_NAME = AccentColor;
				CODE_SIGN_ENTITLEMENTS = macOS/macOS.entitlements;
				CODE_SIGN_STYLE = Automatic;
				COMBINE_HIDPI_IMAGES = YES;
				CURRENT_PROJECT_VERSION = 1;
				DEVELOPMENT_TEAM = 4PL6HSR297;
				ENABLE_HARDENED_RUNTIME = YES;
				ENABLE_PREVIEWS = YES;
				GENERATE_INFOPLIST_FILE = YES;
				INFOPLIST_KEY_NSHumanReadableCopyright = "";
				LD_RUNPATH_SEARCH_PATHS = (
					"$(inherited)",
					"@executable_path/../Frameworks",
				);
				MACOSX_DEPLOYMENT_TARGET = 12.3;
				MARKETING_VERSION = 1.0;
				PRODUCT_BUNDLE_IDENTIFIER = cisneNegro.ejemploUserDefaults;
				PRODUCT_NAME = ejemploUserDefaults;
				SDKROOT = macosx;
				SWIFT_EMIT_LOC_STRINGS = YES;
				SWIFT_VERSION = 5.0;
			};
			name = Release;
		};
		EAA6284F2845A4C000E961E3 /* Debug */ = {
			isa = XCBuildConfiguration;
			buildSettings = {
				ALWAYS_EMBED_SWIFT_STANDARD_LIBRARIES = YES;
				CODE_SIGN_STYLE = Automatic;
				CURRENT_PROJECT_VERSION = 1;
				DEVELOPMENT_TEAM = 4PL6HSR297;
				GENERATE_INFOPLIST_FILE = YES;
				IPHONEOS_DEPLOYMENT_TARGET = 15.4;
				MARKETING_VERSION = 1.0;
				PRODUCT_BUNDLE_IDENTIFIER = "cisneNegro.Tests-iOS";
				PRODUCT_NAME = "$(TARGET_NAME)";
				SDKROOT = iphoneos;
				SWIFT_EMIT_LOC_STRINGS = NO;
				SWIFT_VERSION = 5.0;
				TARGETED_DEVICE_FAMILY = "1,2";
				TEST_TARGET_NAME = "ejemploUserDefaults (iOS)";
			};
			name = Debug;
		};
		EAA628502845A4C000E961E3 /* Release */ = {
			isa = XCBuildConfiguration;
			buildSettings = {
				ALWAYS_EMBED_SWIFT_STANDARD_LIBRARIES = YES;
				CODE_SIGN_STYLE = Automatic;
				CURRENT_PROJECT_VERSION = 1;
				DEVELOPMENT_TEAM = 4PL6HSR297;
				GENERATE_INFOPLIST_FILE = YES;
				IPHONEOS_DEPLOYMENT_TARGET = 15.4;
				MARKETING_VERSION = 1.0;
				PRODUCT_BUNDLE_IDENTIFIER = "cisneNegro.Tests-iOS";
				PRODUCT_NAME = "$(TARGET_NAME)";
				SDKROOT = iphoneos;
				SWIFT_EMIT_LOC_STRINGS = NO;
				SWIFT_VERSION = 5.0;
				TARGETED_DEVICE_FAMILY = "1,2";
				TEST_TARGET_NAME = "ejemploUserDefaults (iOS)";
				VALIDATE_PRODUCT = YES;
			};
			name = Release;
		};
		EAA628522845A4C000E961E3 /* Debug */ = {
			isa = XCBuildConfiguration;
			buildSettings = {
				ALWAYS_EMBED_SWIFT_STANDARD_LIBRARIES = YES;
				CODE_SIGN_STYLE = Automatic;
				CURRENT_PROJECT_VERSION = 1;
				DEVELOPMENT_TEAM = 4PL6HSR297;
				GENERATE_INFOPLIST_FILE = YES;
				MACOSX_DEPLOYMENT_TARGET = 12.3;
				MARKETING_VERSION = 1.0;
				PRODUCT_BUNDLE_IDENTIFIER = "cisneNegro.Tests-macOS";
				PRODUCT_NAME = "$(TARGET_NAME)";
				SDKROOT = macosx;
				SWIFT_EMIT_LOC_STRINGS = NO;
				SWIFT_VERSION = 5.0;
				TEST_TARGET_NAME = "ejemploUserDefaults (macOS)";
			};
			name = Debug;
		};
		EAA628532845A4C000E961E3 /* Release */ = {
			isa = XCBuildConfiguration;
			buildSettings = {
				ALWAYS_EMBED_SWIFT_STANDARD_LIBRARIES = YES;
				CODE_SIGN_STYLE = Automatic;
				CURRENT_PROJECT_VERSION = 1;
				DEVELOPMENT_TEAM = 4PL6HSR297;
				GENERATE_INFOPLIST_FILE = YES;
				MACOSX_DEPLOYMENT_TARGET = 12.3;
				MARKETING_VERSION = 1.0;
				PRODUCT_BUNDLE_IDENTIFIER = "cisneNegro.Tests-macOS";
				PRODUCT_NAME = "$(TARGET_NAME)";
				SDKROOT = macosx;
				SWIFT_EMIT_LOC_STRINGS = NO;
				SWIFT_VERSION = 5.0;
				TEST_TARGET_NAME = "ejemploUserDefaults (macOS)";
			};
			name = Release;
		};
/* End XCBuildConfiguration section */

/* Begin XCConfigurationList section */
		EAA628162845A4B800E961E3 /* Build configuration list for PBXProject "ejemploUserDefaults" */ = {
			isa = XCConfigurationList;
			buildConfigurations = (
				EAA628462845A4C000E961E3 /* Debug */,
				EAA628472845A4C000E961E3 /* Release */,
			);
			defaultConfigurationIsVisible = 0;
			defaultConfigurationName = Release;
		};
		EAA628482845A4C000E961E3 /* Build configuration list for PBXNativeTarget "ejemploUserDefaults (iOS)" */ = {
			isa = XCConfigurationList;
			buildConfigurations = (
				EAA628492845A4C000E961E3 /* Debug */,
				EAA6284A2845A4C000E961E3 /* Release */,
			);
			defaultConfigurationIsVisible = 0;
			defaultConfigurationName = Release;
		};
		EAA6284B2845A4C000E961E3 /* Build configuration list for PBXNativeTarget "ejemploUserDefaults (macOS)" */ = {
			isa = XCConfigurationList;
			buildConfigurations = (
				EAA6284C2845A4C000E961E3 /* Debug */,
				EAA6284D2845A4C000E961E3 /* Release */,
			);
			defaultConfigurationIsVisible = 0;
			defaultConfigurationName = Release;
		};
		EAA6284E2845A4C000E961E3 /* Build configuration list for PBXNativeTarget "Tests iOS" */ = {
			isa = XCConfigurationList;
			buildConfigurations = (
				EAA6284F2845A4C000E961E3 /* Debug */,
				EAA628502845A4C000E961E3 /* Release */,
			);
			defaultConfigurationIsVisible = 0;
			defaultConfigurationName = Release;
		};
		EAA628512845A4C000E961E3 /* Build configuration list for PBXNativeTarget "Tests macOS" */ = {
			isa = XCConfigurationList;
			buildConfigurations = (
				EAA628522845A4C000E961E3 /* Debug */,
				EAA628532845A4C000E961E3 /* Release */,
			);
			defaultConfigurationIsVisible = 0;
			defaultConfigurationName = Release;
		};
/* End XCConfigurationList section */
	};
	rootObject = EAA628132845A4B800E961E3 /* Project object */;
}
